
Microsoft Visual Studio Solution File, Format Version 12.00
# Visual Studio 15
VisualStudioVersion = 15.0.27130.2020
MinimumVisualStudioVersion = 10.0.40219.1
Project("{FAE04EC0-301F-11D3-BF4B-00C04F79EFBC}") = "DreiKoerperproblem", "DreiKoerperproblem\DreiKoerperproblem.csproj", "{04C289C1-8DCF-4257-A1B9-F4B4DA43A900}"
EndProject
Global
	GlobalSection(SolutionConfigurationPlatforms) = preSolution
		Debug|Any CPU = Debug|Any CPU
		Release|Any CPU = Release|Any CPU
	EndGlobalSection
	GlobalSection(ProjectConfigurationPlatforms) = postSolution
		{04C289C1-8DCF-4257-A1B9-F4B4DA43A900}.Debug|Any CPU.ActiveCfg = Debug|Any CPU
		{04C289C1-8DCF-4257-A1B9-F4B4DA43A900}.Debug|Any CPU.Build.0 = Debug|Any CPU
		{04C289C1-8DCF-4257-A1B9-F4B4DA43A900}.Release|Any CPU.ActiveCfg = Release|Any CPU
		{04C289C1-8DCF-4257-A1B9-F4B4DA43A900}.Release|Any CPU.Build.0 = Release|Any CPU
	EndGlobalSection
	GlobalSection(SolutionProperties) = preSolution
		HideSolutionNode = FALSE
	EndGlobalSection
	GlobalSection(ExtensibilityGlobals) = postSolution
		SolutionGuid = {C6B78E87-8D14-4D32-979B-D6AB9F27B515}
	EndGlobalSection
EndGlobal
